
Microsoft Visual Studio Solution File, Format Version 12.00
# Visual Studio Version 16
VisualStudioVersion = 16.0.31321.278
MinimumVisualStudioVersion = 10.0.40219.1
Project("{9A19103F-16F7-4668-BE54-9A1E7A4F7556}") = "Schott.Async", "src\Schott.Async\Schott.Async.csproj", "{A731DAB7-FC7E-4B87-B3E9-A44A99ADA9FB}"
EndProject
Project("{FAE04EC0-301F-11D3-BF4B-00C04F79EFBC}") = "Schott.Async.Tests", "test\Schott.Async.Tests\Schott.Async.Tests.csproj", "{26B2EACE-003F-4D32-A478-38B3E2DB0CD6}"
EndProject
Global
	GlobalSection(SolutionConfigurationPlatforms) = preSolution
		Debug|Any CPU = Debug|Any CPU
		Release|Any CPU = Release|Any CPU
	EndGlobalSection
	GlobalSection(ProjectConfigurationPlatforms) = postSolution
		{A731DAB7-FC7E-4B87-B3E9-A44A99ADA9FB}.Debug|Any CPU.ActiveCfg = Debug|Any CPU
		{A731DAB7-FC7E-4B87-B3E9-A44A99ADA9FB}.Debug|Any CPU.Build.0 = Debug|Any CPU
		{A731DAB7-FC7E-4B87-B3E9-A44A99ADA9FB}.Release|Any CPU.ActiveCfg = Release|Any CPU
		{A731DAB7-FC7E-4B87-B3E9-A44A99ADA9FB}.Release|Any CPU.Build.0 = Release|Any CPU
		{26B2EACE-003F-4D32-A478-38B3E2DB0CD6}.Debug|Any CPU.ActiveCfg = Debug|Any CPU
		{26B2EACE-003F-4D32-A478-38B3E2DB0CD6}.Debug|Any CPU.Build.0 = Debug|Any CPU
		{26B2EACE-003F-4D32-A478-38B3E2DB0CD6}.Release|Any CPU.ActiveCfg = Release|Any CPU
		{26B2EACE-003F-4D32-A478-38B3E2DB0CD6}.Release|Any CPU.Build.0 = Release|Any CPU
	EndGlobalSection
	GlobalSection(SolutionProperties) = preSolution
		HideSolutionNode = FALSE
	EndGlobalSection
	GlobalSection(ExtensibilityGlobals) = postSolution
		SolutionGuid = {EBA2AE5B-84BD-436A-BBD0-E9AA40866F83}
	EndGlobalSection
EndGlobal
